<?xml version="1.0" encoding="utf-8"?>
<Project ToolsVersion="4.0" xmlns="http://schemas.microsoft.com/developer/msbuild/2003">
  <ItemGroup>
    <Filter Include="Fichiers sources">
      <UniqueIdentifier>{4FC737F1-C7A5-4376-A066-2A32D752A2FF}</UniqueIdentifier>
      <Extensions>cpp;c;cc;cxx;c++;cppm;ixx;def;odl;idl;hpj;bat;asm;asmx</Extensions>
    </Filter>
    <Filter Include="Fichiers d%27en-tête">
      <UniqueIdentifier>{93995380-89BD-4b04-88EB-625FBE52EBFB}</UniqueIdentifier>
      <Extensions>h;hh;hpp;hxx;h++;hm;inl;inc;ipp;xsd</Extensions>
    </Filter>
    <Filter Include="Fichiers de ressources">
      <UniqueIdentifier>{67DA6AB6-F800-4c08-8B7A-83BB121AAD01}</UniqueIdentifier>
      <Extensions>rc;ico;cur;bmp;dlg;rc2;rct;bin;rgs;gif;jpg;jpeg;jpe;resx;tiff;tif;png;wav;mfcribbon-ms</Extensions>
    </Filter>
    <Filter Include="Fichiers sources\Game">
      <UniqueIdentifier>{685039fc-63c0-403d-ab7c-2881d4d37df2}</UniqueIdentifier>
    </Filter>
    <Filter Include="Fichiers d%27en-tête\Game">
      <UniqueIdentifier>{17e76be0-8de5-477e-8068-1d3b1eb424b8}</UniqueIdentifier>
    </Filter>
  </ItemGroup>
  <ItemGroup>
    <ClCompile Include="Scripts\main.cpp">
      <Filter>Fichiers sources</Filter>
    </ClCompile>
    <ClCompile Include="Scripts\GameProcess\GameLauncher\gamelauncher.cpp">
      <Filter>Fichiers sources\Game</Filter>
    </ClCompile>
    <ClCompile Include="Scripts\GameProcess\GameThread\gamethread.cpp">
      <Filter>Fichiers sources\Game</Filter>
    </ClCompile>
    <ClCompile Include="Scripts\GameWindow\gamewindow.cpp">
      <Filter>Fichiers sources</Filter>
    </ClCompile>
    <ClCompile Include="Scripts\Common\common.cpp">
      <Filter>Fichiers sources</Filter>
    </ClCompile>
    <ClCompile Include="Resources\resources.cpp">
      <Filter>Fichiers sources</Filter>
    </ClCompile>
    <ClCompile Include="Scripts\GameProcess\GameLauncher\moc_gamelauncher.cpp">
      <Filter>Fichiers sources</Filter>
    </ClCompile>
    <ClCompile Include="Scripts\GameProcess\GameThread\moc_gamethread.cpp">
      <Filter>Fichiers sources</Filter>
    </ClCompile>
    <ClCompile Include="Scripts\GameWindow\moc_gamewindow.cpp">
      <Filter>Fichiers sources</Filter>
    </ClCompile>
  </ItemGroup>
  <ItemGroup>
    <ClInclude Include="Scripts\Common\common.h">
      <Filter>Fichiers d%27en-tête</Filter>
    </ClInclude>
    <ClInclude Include="Scripts\GameWindow\gamewindow.h">
      <Filter>Fichiers d%27en-tête</Filter>
    </ClInclude>
    <ClInclude Include="Scripts\GameProcess\GameThread\gamethread.h">
      <Filter>Fichiers d%27en-tête</Filter>
    </ClInclude>
    <ClInclude Include="Scripts\GameProcess\GameLauncher\gamelauncher.h">
      <Filter>Fichiers d%27en-tête</Filter>
    </ClInclude>
  </ItemGroup>
  <ItemGroup>
    <None Include="Resources\resources.qrc" />
  </ItemGroup>
  <ItemGroup>
    <Image Include="Resources\sprite\blender.png">
      <Filter>Fichiers de ressources</Filter>
    </Image>
    <Image Include="Resources\sprite\creajeux.png">
      <Filter>Fichiers de ressources</Filter>
    </Image>
    <Image Include="Resources\sprite\ds.png">
      <Filter>Fichiers de ressources</Filter>
    </Image>
    <Image Include="Resources\sprite\fmod.png">
      <Filter>Fichiers de ressources</Filter>
    </Image>
    <Image Include="Resources\sprite\g3d.png">
      <Filter>Fichiers de ressources</Filter>
    </Image>
    <Image Include="Resources\sprite\maya.png">
      <Filter>Fichiers de ressources</Filter>
    </Image>
    <Image Include="Resources\sprite\Notion.png">
      <Filter>Fichiers de ressources</Filter>
    </Image>
    <Image Include="Resources\sprite\PEGI_7.png">
      <Filter>Fichiers de ressources</Filter>
    </Image>
    <Image Include="Resources\sprite\ps.png">
      <Filter>Fichiers de ressources</Filter>
    </Image>
    <Image Include="Resources\sprite\pt.png">
      <Filter>Fichiers de ressources</Filter>
    </Image>
    <Image Include="Resources\sprite\unity.png">
      <Filter>Fichiers de ressources</Filter>
    </Image>
    <Image Include="Resources\sprite\wallpaper.png">
      <Filter>Fichiers de ressources</Filter>
    </Image>
  </ItemGroup>
  <ItemGroup>
    <Text Include="Resources\oldmain.txt" />
  </ItemGroup>
</Project>